// !$*UTF8*$!
{
	archiveVersion = 1;
	classes = {
	};
	objectVersion = 56;
	objects = {

/* Begin PBXBuildFile section */
		1B78213D29BD0EFC0088FA5B /* AppDelegate.swift in Sources */ = {isa = PBXBuildFile; fileRef = 1B78213C29BD0EFC0088FA5B /* AppDelegate.swift */; };
		1B78213F29BD0EFC0088FA5B /* SceneDelegate.swift in Sources */ = {isa = PBXBuildFile; fileRef = 1B78213E29BD0EFC0088FA5B /* SceneDelegate.swift */; };
		1B78214129BD0EFC0088FA5B /* ViewController.swift in Sources */ = {isa = PBXBuildFile; fileRef = 1B78214029BD0EFC0088FA5B /* ViewController.swift */; };
		1B78214429BD0EFC0088FA5B /* Main.storyboard in Resources */ = {isa = PBXBuildFile; fileRef = 1B78214229BD0EFC0088FA5B /* Main.storyboard */; };
		1B78214729BD0EFC0088FA5B /* SmartDictionary.xcdatamodeld in Sources */ = {isa = PBXBuildFile; fileRef = 1B78214529BD0EFC0088FA5B /* SmartDictionary.xcdatamodeld */; };
		1B78214929BD0EFD0088FA5B /* Assets.xcassets in Resources */ = {isa = PBXBuildFile; fileRef = 1B78214829BD0EFD0088FA5B /* Assets.xcassets */; };
		1B78214C29BD0EFD0088FA5B /* LaunchScreen.storyboard in Resources */ = {isa = PBXBuildFile; fileRef = 1B78214A29BD0EFD0088FA5B /* LaunchScreen.storyboard */; };
/* End PBXBuildFile section */

/* Begin PBXFileReference section */
		1B78213929BD0EFC0088FA5B /* SmartDictionary.app */ = {isa = PBXFileReference; explicitFileType = wrapper.application; includeInIndex = 0; path = SmartDictionary.app; sourceTree = BUILT_PRODUCTS_DIR; };
		1B78213C29BD0EFC0088FA5B /* AppDelegate.swift */ = {isa = PBXFileReference; lastKnownFileType = sourcecode.swift; path = AppDelegate.swift; sourceTree = "<group>"; };
		1B78213E29BD0EFC0088FA5B /* SceneDelegate.swift */ = {isa = PBXFileReference; lastKnownFileType = sourcecode.swift; path = SceneDelegate.swift; sourceTree = "<group>"; };
		1B78214029BD0EFC0088FA5B /* ViewController.swift */ = {isa = PBXFileReference; lastKnownFileType = sourcecode.swift; path = ViewController.swift; sourceTree = "<group>"; };
		1B78214329BD0EFC0088FA5B /* Base */ = {isa = PBXFileReference; lastKnownFileType = file.storyboard; name = Base; path = Base.lproj/Main.storyboard; sourceTree = "<group>"; };
		1B78214629BD0EFC0088FA5B /* SmartDictionary.xcdatamodel */ = {isa = PBXFileReference; lastKnownFileType = wrapper.xcdatamodel; path = SmartDictionary.xcdatamodel; sourceTree = "<group>"; };
		1B78214829BD0EFD0088FA5B /* Assets.xcassets */ = {isa = PBXFileReference; lastKnownFileType = folder.assetcatalog; path = Assets.xcassets; sourceTree = "<group>"; };
		1B78214B29BD0EFD0088FA5B /* Base */ = {isa = PBXFileReference; lastKnownFileType = file.storyboard; name = Base; path = Base.lproj/LaunchScreen.storyboard; sourceTree = "<group>"; };
		1B78214D29BD0EFD0088FA5B /* Info.plist */ = {isa = PBXFileReference; lastKnownFileType = text.plist.xml; path = Info.plist; sourceTree = "<group>"; };
/* End PBXFileReference section */

/* Begin PBXFrameworksBuildPhase section */
		1B78213629BD0EFC0088FA5B /* Frameworks */ = {
			isa = PBXFrameworksBuildPhase;
			buildActionMask = 2147483647;
			files = (
			);
			runOnlyForDeploymentPostprocessing = 0;
		};
/* End PBXFrameworksBuildPhase section */

/* Begin PBXGroup section */
		1B78213029BD0EFC0088FA5B = {
			isa = PBXGroup;
			children = (
				1B78213B29BD0EFC0088FA5B /* SmartDictionary */,
				1B78213A29BD0EFC0088FA5B /* Products */,
			);
			sourceTree = "<group>";
		};
		1B78213A29BD0EFC0088FA5B /* Products */ = {
			isa = PBXGroup;
			children = (
				1B78213929BD0EFC0088FA5B /* SmartDictionary.app */,
			);
			name = Products;
			sourceTree = "<group>";
		};
		1B78213B29BD0EFC0088FA5B /* SmartDictionary */ = {
			isa = PBXGroup;
			children = (
				1B78213C29BD0EFC0088FA5B /* AppDelegate.swift */,
				1B78213E29BD0EFC0088FA5B /* SceneDelegate.swift */,
				1B78214029BD0EFC0088FA5B /* ViewController.swift */,
				1B78214229BD0EFC0088FA5B /* Main.storyboard */,
				1B78214829BD0EFD0088FA5B /* Assets.xcassets */,
				1B78214A29BD0EFD0088FA5B /* LaunchScreen.storyboard */,
				1B78214D29BD0EFD0088FA5B /* Info.plist */,
				1B78214529BD0EFC0088FA5B /* SmartDictionary.xcdatamodeld */,
			);
			path = SmartDictionary;
			sourceTree = "<group>";
		};
/* End PBXGroup section */

/* Begin PBXNativeTarget section */
		1B78213829BD0EFC0088FA5B /* SmartDictionary */ = {
			isa = PBXNativeTarget;
			buildConfigurationList = 1B78215029BD0EFD0088FA5B /* Build configuration list for PBXNativeTarget "SmartDictionary" */;
			buildPhases = (
				1B78213529BD0EFC0088FA5B /* Sources */,
				1B78213629BD0EFC0088FA5B /* Frameworks */,
				1B78213729BD0EFC0088FA5B /* Resources */,
			);
			buildRules = (
			);
			dependencies = (
			);
			name = SmartDictionary;
			productName = SmartDictionary;
			productReference = 1B78213929BD0EFC0088FA5B /* SmartDictionary.app */;
			productType = "com.apple.product-type.application";
		};
/* End PBXNativeTarget section */

/* Begin PBXProject section */
		1B78213129BD0EFC0088FA5B /* Project object */ = {
			isa = PBXProject;
			attributes = {
				BuildIndependentTargetsInParallel = 1;
				LastSwiftUpdateCheck = 1420;
				LastUpgradeCheck = 1420;
				TargetAttributes = {
					1B78213829BD0EFC0088FA5B = {
						CreatedOnToolsVersion = 14.2;
					};
				};
			};
			buildConfigurationList = 1B78213429BD0EFC0088FA5B /* Build configuration list for PBXProject "SmartDictionary" */;
			compatibilityVersion = "Xcode 14.0";
			developmentRegion = en;
			hasScannedForEncodings = 0;
			knownRegions = (
				en,
				Base,
			);
			mainGroup = 1B78213029BD0EFC0088FA5B;
			productRefGroup = 1B78213A29BD0EFC0088FA5B /* Products */;
			projectDirPath = "";
			projectRoot = "";
			targets = (
				1B78213829BD0EFC0088FA5B /* SmartDictionary */,
			);
		};
/* End PBXProject section */

/* Begin PBXResourcesBuildPhase section */
		1B78213729BD0EFC0088FA5B /* Resources */ = {
			isa = PBXResourcesBuildPhase;
			buildActionMask = 2147483647;
			files = (
				1B78214C29BD0EFD0088FA5B /* LaunchScreen.storyboard in Resources */,
				1B78214929BD0EFD0088FA5B /* Assets.xcassets in Resources */,
				1B78214429BD0EFC0088FA5B /* Main.storyboard in Resources */,
			);
			runOnlyForDeploymentPostprocessing = 0;
		};
/* End PBXResourcesBuildPhase section */

/* Begin PBXSourcesBuildPhase section */
		1B78213529BD0EFC0088FA5B /* Sources */ = {
			isa = PBXSourcesBuildPhase;
			buildActionMask = 2147483647;
			files = (
				1B78214129BD0EFC0088FA5B /* ViewController.swift in Sources */,
				1B78214729BD0EFC0088FA5B /* SmartDictionary.xcdatamodeld in Sources */,
				1B78213D29BD0EFC0088FA5B /* AppDelegate.swift in Sources */,
				1B78213F29BD0EFC0088FA5B /* SceneDelegate.swift in Sources */,
			);
			runOnlyForDeploymentPostprocessing = 0;
		};
/* End PBXSourcesBuildPhase section */

/* Begin PBXVariantGroup section */
		1B78214229BD0EFC0088FA5B /* Main.storyboard */ = {
			isa = PBXVariantGroup;
			children = (
				1B78214329BD0EFC0088FA5B /* Base */,
			);
			name = Main.storyboard;
			sourceTree = "<group>";
		};
		1B78214A29BD0EFD0088FA5B /* LaunchScreen.storyboard */ = {
			isa = PBXVariantGroup;
			children = (
				1B78214B29BD0EFD0088FA5B /* Base */,
			);
			name = LaunchScreen.storyboard;
			sourceTree = "<group>";
		};
/* End PBXVariantGroup section */

/* Begin XCBuildConfiguration section */
		1B78214E29BD0EFD0088FA5B /* Debug */ = {
			isa = XCBuildConfiguration;
			buildSettings = {
				ALWAYS_SEARCH_USER_PATHS = NO;
				CLANG_ANALYZER_NONNULL = YES;
				CLANG_ANALYZER_NUMBER_OBJECT_CONVERSION = YES_AGGRESSIVE;
				CLANG_CXX_LANGUAGE_STANDARD = "gnu++20";
				CLANG_ENABLE_MODULES = YES;
				CLANG_ENABLE_OBJC_ARC = YES;
				CLANG_ENABLE_OBJC_WEAK = YES;
				CLANG_WARN_BLOCK_CAPTURE_AUTORELEASING = YES;
				CLANG_WARN_BOOL_CONVERSION = YES;
				CLANG_WARN_COMMA = YES;
				CLANG_WARN_CONSTANT_CONVERSION = YES;
				CLANG_WARN_DEPRECATED_OBJC_IMPLEMENTATIONS = YES;
				CLANG_WARN_DIRECT_OBJC_ISA_USAGE = YES_ERROR;
				CLANG_WARN_DOCUMENTATION_COMMENTS = YES;
				CLANG_WARN_EMPTY_BODY = YES;
				CLANG_WARN_ENUM_CONVERSION = YES;
				CLANG_WARN_INFINITE_RECURSION = YES;
				CLANG_WARN_INT_CONVERSION = YES;
				CLANG_WARN_NON_LITERAL_NULL_CONVERSION = YES;
				CLANG_WARN_OBJC_IMPLICIT_RETAIN_SELF = YES;
				CLANG_WARN_OBJC_LITERAL_CONVERSION = YES;
				CLANG_WARN_OBJC_ROOT_CLASS = YES_ERROR;
				CLANG_WARN_QUOTED_INCLUDE_IN_FRAMEWORK_HEADER = YES;
				CLANG_WARN_RANGE_LOOP_ANALYSIS = YES;
				CLANG_WARN_STRICT_PROTOTYPES = YES;
				CLANG_WARN_SUSPICIOUS_MOVE = YES;
				CLANG_WARN_UNGUARDED_AVAILABILITY = YES_AGGRESSIVE;
				CLANG_WARN_UNREACHABLE_CODE = YES;
				CLANG_WARN__DUPLICATE_METHOD_MATCH = YES;
				COPY_PHASE_STRIP = NO;
				DEBUG_INFORMATION_FORMAT = dwarf;
				ENABLE_STRICT_OBJC_MSGSEND = YES;
				ENABLE_TESTABILITY = YES;
				GCC_C_LANGUAGE_STANDARD = gnu11;
				GCC_DYNAMIC_NO_PIC = NO;
				GCC_NO_COMMON_BLOCKS = YES;
				GCC_OPTIMIZATION_LEVEL = 0;
				GCC_PREPROCESSOR_DEFINITIONS = (
					"DEBUG=1",
					"$(inherited)",
				);
				GCC_WARN_64_TO_32_BIT_CONVERSION = YES;
				GCC_WARN_ABOUT_RETURN_TYPE = YES_ERROR;
				GCC_WARN_UNDECLARED_SELECTOR = YES;
				GCC_WARN_UNINITIALIZED_AUTOS = YES_AGGRESSIVE;
				GCC_WARN_UNUSED_FUNCTION = YES;
				GCC_WARN_UNUSED_VARIABLE = YES;
				IPHONEOS_DEPLOYMENT_TARGET = 16.2;
				MTL_ENABLE_DEBUG_INFO = INCLUDE_SOURCE;
				MTL_FAST_MATH = YES;
				ONLY_ACTIVE_ARCH = YES;
				SDKROOT = iphoneos;
				SWIFT_ACTIVE_COMPILATION_CONDITIONS = DEBUG;
				SWIFT_OPTIMIZATION_LEVEL = "-Onone";
			};
			name = Debug;
		};
		1B78214F29BD0EFD0088FA5B /* Release */ = {
			isa = XCBuildConfiguration;
			buildSettings = {
				ALWAYS_SEARCH_USER_PATHS = NO;
				CLANG_ANALYZER_NONNULL = YES;
				CLANG_ANALYZER_NUMBER_OBJECT_CONVERSION = YES_AGGRESSIVE;
				CLANG_CXX_LANGUAGE_STANDARD = "gnu++20";
				CLANG_ENABLE_MODULES = YES;
				CLANG_ENABLE_OBJC_ARC = YES;
				CLANG_ENABLE_OBJC_WEAK = YES;
				CLANG_WARN_BLOCK_CAPTURE_AUTORELEASING = YES;
				CLANG_WARN_BOOL_CONVERSION = YES;
				CLANG_WARN_COMMA = YES;
				CLANG_WARN_CONSTANT_CONVERSION = YES;
				CLANG_WARN_DEPRECATED_OBJC_IMPLEMENTATIONS = YES;
				CLANG_WARN_DIRECT_OBJC_ISA_USAGE = YES_ERROR;
				CLANG_WARN_DOCUMENTATION_COMMENTS = YES;
				CLANG_WARN_EMPTY_BODY = YES;
				CLANG_WARN_ENUM_CONVERSION = YES;
				CLANG_WARN_INFINITE_RECURSION = YES;
				CLANG_WARN_INT_CONVERSION = YES;
				CLANG_WARN_NON_LITERAL_NULL_CONVERSION = YES;
				CLANG_WARN_OBJC_IMPLICIT_RETAIN_SELF = YES;
				CLANG_WARN_OBJC_LITERAL_CONVERSION = YES;
				CLANG_WARN_OBJC_ROOT_CLASS = YES_ERROR;
				CLANG_WARN_QUOTED_INCLUDE_IN_FRAMEWORK_HEADER = YES;
				CLANG_WARN_RANGE_LOOP_ANALYSIS = YES;
				CLANG_WARN_STRICT_PROTOTYPES = YES;
				CLANG_WARN_SUSPICIOUS_MOVE = YES;
				CLANG_WARN_UNGUARDED_AVAILABILITY = YES_AGGRESSIVE;
				CLANG_WARN_UNREACHABLE_CODE = YES;
				CLANG_WARN__DUPLICATE_METHOD_MATCH = YES;
				COPY_PHASE_STRIP = NO;
				DEBUG_INFORMATION_FORMAT = "dwarf-with-dsym";
				ENABLE_NS_ASSERTIONS = NO;
				ENABLE_STRICT_OBJC_MSGSEND = YES;
				GCC_C_LANGUAGE_STANDARD = gnu11;
				GCC_NO_COMMON_BLOCKS = YES;
				GCC_WARN_64_TO_32_BIT_CONVERSION = YES;
				GCC_WARN_ABOUT_RETURN_TYPE = YES_ERROR;
				GCC_WARN_UNDECLARED_SELECTOR = YES;
				GCC_WARN_UNINITIALIZED_AUTOS = YES_AGGRESSIVE;
				GCC_WARN_UNUSED_FUNCTION = YES;
				GCC_WARN_UNUSED_VARIABLE = YES;
				IPHONEOS_DEPLOYMENT_TARGET = 16.2;
				MTL_ENABLE_DEBUG_INFO = NO;
				MTL_FAST_MATH = YES;
				SDKROOT = iphoneos;
				SWIFT_COMPILATION_MODE = wholemodule;
				SWIFT_OPTIMIZATION_LEVEL = "-O";
				VALIDATE_PRODUCT = YES;
			};
			name = Release;
		};
		1B78215129BD0EFD0088FA5B /* Debug */ = {
			isa = XCBuildConfiguration;
			buildSettings = {
				ASSETCATALOG_COMPILER_APPICON_NAME = AppIcon;
				ASSETCATALOG_COMPILER_GLOBAL_ACCENT_COLOR_NAME = AccentColor;
				CODE_SIGN_STYLE = Automatic;
				CURRENT_PROJECT_VERSION = 1;
				DEVELOPMENT_TEAM = 4A6Q5M35JJ;
				GENERATE_INFOPLIST_FILE = YES;
				INFOPLIST_FILE = SmartDictionary/Info.plist;
				INFOPLIST_KEY_UIApplicationSupportsIndirectInputEvents = YES;
				INFOPLIST_KEY_UILaunchStoryboardName = LaunchScreen;
				INFOPLIST_KEY_UIMainStoryboardFile = Main;
				INFOPLIST_KEY_UISupportedInterfaceOrientations_iPad = "UIInterfaceOrientationPortrait UIInterfaceOrientationPortraitUpsideDown UIInterfaceOrientationLandscapeLeft UIInterfaceOrientationLandscapeRight";
				INFOPLIST_KEY_UISupportedInterfaceOrientations_iPhone = "UIInterfaceOrientationPortrait UIInterfaceOrientationLandscapeLeft UIInterfaceOrientationLandscapeRight";
				LD_RUNPATH_SEARCH_PATHS = (
					"$(inherited)",
					"@executable_path/Frameworks",
				);
				MARKETING_VERSION = 1.0;
				PRODUCT_BUNDLE_IDENTIFIER = Maksimka.SmartDictionary;
				PRODUCT_NAME = "$(TARGET_NAME)";
				SWIFT_EMIT_LOC_STRINGS = YES;
				SWIFT_VERSION = 5.0;
				TARGETED_DEVICE_FAMILY = "1,2";
			};
			name = Debug;
		};
		1B78215229BD0EFD0088FA5B /* Release */ = {
			isa = XCBuildConfiguration;
			buildSettings = {
				ASSETCATALOG_COMPILER_APPICON_NAME = AppIcon;
				ASSETCATALOG_COMPILER_GLOBAL_ACCENT_COLOR_NAME = AccentColor;
				CODE_SIGN_STYLE = Automatic;
				CURRENT_PROJECT_VERSION = 1;
				DEVELOPMENT_TEAM = 4A6Q5M35JJ;
				GENERATE_INFOPLIST_FILE = YES;
				INFOPLIST_FILE = SmartDictionary/Info.plist;
				INFOPLIST_KEY_UIApplicationSupportsIndirectInputEvents = YES;
				INFOPLIST_KEY_UILaunchStoryboardName = LaunchScreen;
				INFOPLIST_KEY_UIMainStoryboardFile = Main;
				INFOPLIST_KEY_UISupportedInterfaceOrientations_iPad = "UIInterfaceOrientationPortrait UIInterfaceOrientationPortraitUpsideDown UIInterfaceOrientationLandscapeLeft UIInterfaceOrientationLandscapeRight";
				INFOPLIST_KEY_UISupportedInterfaceOrientations_iPhone = "UIInterfaceOrientationPortrait UIInterfaceOrientationLandscapeLeft UIInterfaceOrientationLandscapeRight";
				LD_RUNPATH_SEARCH_PATHS = (
					"$(inherited)",
					"@executable_path/Frameworks",
				);
				MARKETING_VERSION = 1.0;
				PRODUCT_BUNDLE_IDENTIFIER = Maksimka.SmartDictionary;
				PRODUCT_NAME = "$(TARGET_NAME)";
				SWIFT_EMIT_LOC_STRINGS = YES;
				SWIFT_VERSION = 5.0;
				TARGETED_DEVICE_FAMILY = "1,2";
			};
			name = Release;
		};
/* End XCBuildConfiguration section */

/* Begin XCConfigurationList section */
		1B78213429BD0EFC0088FA5B /* Build configuration list for PBXProject "SmartDictionary" */ = {
			isa = XCConfigurationList;
			buildConfigurations = (
				1B78214E29BD0EFD0088FA5B /* Debug */,
				1B78214F29BD0EFD0088FA5B /* Release */,
			);
			defaultConfigurationIsVisible = 0;
			defaultConfigurationName = Release;
		};
		1B78215029BD0EFD0088FA5B /* Build configuration list for PBXNativeTarget "SmartDictionary" */ = {
			isa = XCConfigurationList;
			buildConfigurations = (
				1B78215129BD0EFD0088FA5B /* Debug */,
				1B78215229BD0EFD0088FA5B /* Release */,
			);
			defaultConfigurationIsVisible = 0;
			defaultConfigurationName = Release;
		};
/* End XCConfigurationList section */

/* Begin XCVersionGroup section */
		1B78214529BD0EFC0088FA5B /* SmartDictionary.xcdatamodeld */ = {
			isa = XCVersionGroup;
			children = (
				1B78214629BD0EFC0088FA5B /* SmartDictionary.xcdatamodel */,
			);
			currentVersion = 1B78214629BD0EFC0088FA5B /* SmartDictionary.xcdatamodel */;
			path = SmartDictionary.xcdatamodeld;
			sourceTree = "<group>";
			versionGroupType = wrapper.xcdatamodel;
		};
/* End XCVersionGroup section */
	};
	rootObject = 1B78213129BD0EFC0088FA5B /* Project object */;
}
